
Microsoft Visual Studio Solution File, Format Version 12.00
# Visual Studio Version 16
VisualStudioVersion = 16.0.31410.357
MinimumVisualStudioVersion = 10.0.40219.1
Project("{FAE04EC0-301F-11D3-BF4B-00C04F79EFBC}") = "RazorPages", "RazorPages\RazorPages.csproj", "{56B70364-2853-44DC-A685-6C21DE4008A7}"
EndProject
Project("{FAE04EC0-301F-11D3-BF4B-00C04F79EFBC}") = "MVC", "MVC\MVC.csproj", "{6E7EEB43-F406-48F8-9122-ECE9042FD2F6}"
EndProject
Project("{FAE04EC0-301F-11D3-BF4B-00C04F79EFBC}") = "API", "API\API.csproj", "{7A91192C-02C2-4ADE-A50A-CC14722DE66E}"
EndProject
Project("{FAE04EC0-301F-11D3-BF4B-00C04F79EFBC}") = "BlazorServer", "BlazorServer\BlazorServer.csproj", "{2C30358F-3EB1-48EB-BCC0-95D0FD8CF343}"
EndProject
Project("{FAE04EC0-301F-11D3-BF4B-00C04F79EFBC}") = "BlazorClient", "BlazorClient\BlazorClient.csproj", "{016507CD-BC1B-48C5-B8E5-3EE02B215929}"
EndProject
Global
	GlobalSection(SolutionConfigurationPlatforms) = preSolution
		Debug|Any CPU = Debug|Any CPU
		Release|Any CPU = Release|Any CPU
	EndGlobalSection
	GlobalSection(ProjectConfigurationPlatforms) = postSolution
		{56B70364-2853-44DC-A685-6C21DE4008A7}.Debug|Any CPU.ActiveCfg = Debug|Any CPU
		{56B70364-2853-44DC-A685-6C21DE4008A7}.Debug|Any CPU.Build.0 = Debug|Any CPU
		{56B70364-2853-44DC-A685-6C21DE4008A7}.Release|Any CPU.ActiveCfg = Release|Any CPU
		{56B70364-2853-44DC-A685-6C21DE4008A7}.Release|Any CPU.Build.0 = Release|Any CPU
		{6E7EEB43-F406-48F8-9122-ECE9042FD2F6}.Debug|Any CPU.ActiveCfg = Debug|Any CPU
		{6E7EEB43-F406-48F8-9122-ECE9042FD2F6}.Debug|Any CPU.Build.0 = Debug|Any CPU
		{6E7EEB43-F406-48F8-9122-ECE9042FD2F6}.Release|Any CPU.ActiveCfg = Release|Any CPU
		{6E7EEB43-F406-48F8-9122-ECE9042FD2F6}.Release|Any CPU.Build.0 = Release|Any CPU
		{7A91192C-02C2-4ADE-A50A-CC14722DE66E}.Debug|Any CPU.ActiveCfg = Debug|Any CPU
		{7A91192C-02C2-4ADE-A50A-CC14722DE66E}.Debug|Any CPU.Build.0 = Debug|Any CPU
		{7A91192C-02C2-4ADE-A50A-CC14722DE66E}.Release|Any CPU.ActiveCfg = Release|Any CPU
		{7A91192C-02C2-4ADE-A50A-CC14722DE66E}.Release|Any CPU.Build.0 = Release|Any CPU
		{2C30358F-3EB1-48EB-BCC0-95D0FD8CF343}.Debug|Any CPU.ActiveCfg = Debug|Any CPU
		{2C30358F-3EB1-48EB-BCC0-95D0FD8CF343}.Debug|Any CPU.Build.0 = Debug|Any CPU
		{2C30358F-3EB1-48EB-BCC0-95D0FD8CF343}.Release|Any CPU.ActiveCfg = Release|Any CPU
		{2C30358F-3EB1-48EB-BCC0-95D0FD8CF343}.Release|Any CPU.Build.0 = Release|Any CPU
		{016507CD-BC1B-48C5-B8E5-3EE02B215929}.Debug|Any CPU.ActiveCfg = Debug|Any CPU
		{016507CD-BC1B-48C5-B8E5-3EE02B215929}.Debug|Any CPU.Build.0 = Debug|Any CPU
		{016507CD-BC1B-48C5-B8E5-3EE02B215929}.Release|Any CPU.ActiveCfg = Release|Any CPU
		{016507CD-BC1B-48C5-B8E5-3EE02B215929}.Release|Any CPU.Build.0 = Release|Any CPU
	EndGlobalSection
	GlobalSection(SolutionProperties) = preSolution
		HideSolutionNode = FALSE
	EndGlobalSection
	GlobalSection(ExtensibilityGlobals) = postSolution
		SolutionGuid = {BB66964D-FF80-449F-821F-330212FA8FE7}
	EndGlobalSection
EndGlobal
