
Microsoft Visual Studio Solution File, Format Version 12.00
# Visual Studio Version 16
VisualStudioVersion = 16.0.30804.86
MinimumVisualStudioVersion = 10.0.40219.1
Project("{FAE04EC0-301F-11D3-BF4B-00C04F79EFBC}") = "EFDemoWeb", "EFDemoWeb\EFDemoWeb.csproj", "{AE0EA9B6-CE6F-43B8-824C-1E51C600A283}"
EndProject
Project("{FAE04EC0-301F-11D3-BF4B-00C04F79EFBC}") = "EFDataAccessLibrary", "EFDataAccessLibrary\EFDataAccessLibrary.csproj", "{11D38B9F-A7F5-4D80-ADA8-AE57D9B1B0B0}"
EndProject
Global
	GlobalSection(SolutionConfigurationPlatforms) = preSolution
		Debug|Any CPU = Debug|Any CPU
		Release|Any CPU = Release|Any CPU
	EndGlobalSection
	GlobalSection(ProjectConfigurationPlatforms) = postSolution
		{AE0EA9B6-CE6F-43B8-824C-1E51C600A283}.Debug|Any CPU.ActiveCfg = Debug|Any CPU
		{AE0EA9B6-CE6F-43B8-824C-1E51C600A283}.Debug|Any CPU.Build.0 = Debug|Any CPU
		{AE0EA9B6-CE6F-43B8-824C-1E51C600A283}.Release|Any CPU.ActiveCfg = Release|Any CPU
		{AE0EA9B6-CE6F-43B8-824C-1E51C600A283}.Release|Any CPU.Build.0 = Release|Any CPU
		{11D38B9F-A7F5-4D80-ADA8-AE57D9B1B0B0}.Debug|Any CPU.ActiveCfg = Debug|Any CPU
		{11D38B9F-A7F5-4D80-ADA8-AE57D9B1B0B0}.Debug|Any CPU.Build.0 = Debug|Any CPU
		{11D38B9F-A7F5-4D80-ADA8-AE57D9B1B0B0}.Release|Any CPU.ActiveCfg = Release|Any CPU
		{11D38B9F-A7F5-4D80-ADA8-AE57D9B1B0B0}.Release|Any CPU.Build.0 = Release|Any CPU
	EndGlobalSection
	GlobalSection(SolutionProperties) = preSolution
		HideSolutionNode = FALSE
	EndGlobalSection
	GlobalSection(ExtensibilityGlobals) = postSolution
		SolutionGuid = {B0995690-2E9D-411E-AB26-8D8E0D007431}
	EndGlobalSection
EndGlobal
