
Microsoft Visual Studio Solution File, Format Version 12.00
# Visual Studio Version 16
VisualStudioVersion = 16.0.31729.503
MinimumVisualStudioVersion = 10.0.40219.1
Project("{FAE04EC0-301F-11D3-BF4B-00C04F79EFBC}") = "MVCDemoApp", "MVCDemoApp\MVCDemoApp.csproj", "{EB74C9BD-D9CA-4144-B8FA-44C6D2002997}"
EndProject
Global
	GlobalSection(SolutionConfigurationPlatforms) = preSolution
		Debug|Any CPU = Debug|Any CPU
		Release|Any CPU = Release|Any CPU
	EndGlobalSection
	GlobalSection(ProjectConfigurationPlatforms) = postSolution
		{EB74C9BD-D9CA-4144-B8FA-44C6D2002997}.Debug|Any CPU.ActiveCfg = Debug|Any CPU
		{EB74C9BD-D9CA-4144-B8FA-44C6D2002997}.Debug|Any CPU.Build.0 = Debug|Any CPU
		{EB74C9BD-D9CA-4144-B8FA-44C6D2002997}.Release|Any CPU.ActiveCfg = Release|Any CPU
		{EB74C9BD-D9CA-4144-B8FA-44C6D2002997}.Release|Any CPU.Build.0 = Release|Any CPU
	EndGlobalSection
	GlobalSection(SolutionProperties) = preSolution
		HideSolutionNode = FALSE
	EndGlobalSection
	GlobalSection(ExtensibilityGlobals) = postSolution
		SolutionGuid = {B8445AF7-D29C-4546-8E30-E27D29EB7FB6}
	EndGlobalSection
EndGlobal
