
Microsoft Visual Studio Solution File, Format Version 12.00
# Visual Studio Version 16
VisualStudioVersion = 16.0.31729.503
MinimumVisualStudioVersion = 10.0.40219.1
Project("{FAE04EC0-301F-11D3-BF4B-00C04F79EFBC}") = "ApiDemoApp", "ApiDemoApp\ApiDemoApp.csproj", "{D215E9FE-2AC7-47C9-9FC6-57179C30FE44}"
EndProject
Global
	GlobalSection(SolutionConfigurationPlatforms) = preSolution
		Debug|Any CPU = Debug|Any CPU
		Release|Any CPU = Release|Any CPU
	EndGlobalSection
	GlobalSection(ProjectConfigurationPlatforms) = postSolution
		{D215E9FE-2AC7-47C9-9FC6-57179C30FE44}.Debug|Any CPU.ActiveCfg = Debug|Any CPU
		{D215E9FE-2AC7-47C9-9FC6-57179C30FE44}.Debug|Any CPU.Build.0 = Debug|Any CPU
		{D215E9FE-2AC7-47C9-9FC6-57179C30FE44}.Release|Any CPU.ActiveCfg = Release|Any CPU
		{D215E9FE-2AC7-47C9-9FC6-57179C30FE44}.Release|Any CPU.Build.0 = Release|Any CPU
	EndGlobalSection
	GlobalSection(SolutionProperties) = preSolution
		HideSolutionNode = FALSE
	EndGlobalSection
	GlobalSection(ExtensibilityGlobals) = postSolution
		SolutionGuid = {EA36955E-183C-456E-8A3B-772522EE3A43}
	EndGlobalSection
EndGlobal
