
Microsoft Visual Studio Solution File, Format Version 12.00
# Visual Studio Version 17
VisualStudioVersion = 17.4.32804.182
MinimumVisualStudioVersion = 10.0.40219.1
Project("{FAE04EC0-301F-11D3-BF4B-00C04F79EFBC}") = "ForEachChallenge", "ForEachChallenge\ForEachChallenge.csproj", "{C13BDAB9-74B4-4C1D-8F65-140051361B9A}"
EndProject
Project("{FAE04EC0-301F-11D3-BF4B-00C04F79EFBC}") = "DateTime Challenge", "DateTime Challenge\DateTime Challenge.csproj", "{9F05144D-13D3-45EF-902F-1FC5ECA522BC}"
EndProject
Global
	GlobalSection(SolutionConfigurationPlatforms) = preSolution
		Debug|Any CPU = Debug|Any CPU
		Release|Any CPU = Release|Any CPU
	EndGlobalSection
	GlobalSection(ProjectConfigurationPlatforms) = postSolution
		{C13BDAB9-74B4-4C1D-8F65-140051361B9A}.Debug|Any CPU.ActiveCfg = Debug|Any CPU
		{C13BDAB9-74B4-4C1D-8F65-140051361B9A}.Debug|Any CPU.Build.0 = Debug|Any CPU
		{C13BDAB9-74B4-4C1D-8F65-140051361B9A}.Release|Any CPU.ActiveCfg = Release|Any CPU
		{C13BDAB9-74B4-4C1D-8F65-140051361B9A}.Release|Any CPU.Build.0 = Release|Any CPU
		{9F05144D-13D3-45EF-902F-1FC5ECA522BC}.Debug|Any CPU.ActiveCfg = Debug|Any CPU
		{9F05144D-13D3-45EF-902F-1FC5ECA522BC}.Debug|Any CPU.Build.0 = Debug|Any CPU
		{9F05144D-13D3-45EF-902F-1FC5ECA522BC}.Release|Any CPU.ActiveCfg = Release|Any CPU
		{9F05144D-13D3-45EF-902F-1FC5ECA522BC}.Release|Any CPU.Build.0 = Release|Any CPU
	EndGlobalSection
	GlobalSection(SolutionProperties) = preSolution
		HideSolutionNode = FALSE
	EndGlobalSection
	GlobalSection(ExtensibilityGlobals) = postSolution
		SolutionGuid = {DE846A18-78BE-4DD9-98F7-722764F1FE13}
	EndGlobalSection
EndGlobal
